// !$*UTF8*$!
{
	archiveVersion = 1;
	classes = {
	};
	objectVersion = 50;
	objects = {

/* Begin PBXBuildFile section */
		7E613FCF22E38E6B00DE03EF /* AppDelegate.swift in Sources */ = {isa = PBXBuildFile; fileRef = 7E613FCE22E38E6B00DE03EF /* AppDelegate.swift */; };
		7E613FD122E38E6B00DE03EF /* SceneDelegate.swift in Sources */ = {isa = PBXBuildFile; fileRef = 7E613FD022E38E6B00DE03EF /* SceneDelegate.swift */; };
		7E613FD322E38E6B00DE03EF /* ViewController.swift in Sources */ = {isa = PBXBuildFile; fileRef = 7E613FD222E38E6B00DE03EF /* ViewController.swift */; };
		7E613FD622E38E6B00DE03EF /* Main.storyboard in Resources */ = {isa = PBXBuildFile; fileRef = 7E613FD422E38E6B00DE03EF /* Main.storyboard */; };
		7E613FD822E38E7400DE03EF /* Assets.xcassets in Resources */ = {isa = PBXBuildFile; fileRef = 7E613FD722E38E7400DE03EF /* Assets.xcassets */; };
		7E613FDB22E38E7400DE03EF /* LaunchScreen.storyboard in Resources */ = {isa = PBXBuildFile; fileRef = 7E613FD922E38E7400DE03EF /* LaunchScreen.storyboard */; };
/* End PBXBuildFile section */

/* Begin PBXFileReference section */
		7E613FCB22E38E6B00DE03EF /* NikeAssessment.app */ = {isa = PBXFileReference; explicitFileType = wrapper.application; includeInIndex = 0; path = NikeAssessment.app; sourceTree = BUILT_PRODUCTS_DIR; };
		7E613FCE22E38E6B00DE03EF /* AppDelegate.swift */ = {isa = PBXFileReference; lastKnownFileType = sourcecode.swift; path = AppDelegate.swift; sourceTree = "<group>"; };
		7E613FD022E38E6B00DE03EF /* SceneDelegate.swift */ = {isa = PBXFileReference; lastKnownFileType = sourcecode.swift; path = SceneDelegate.swift; sourceTree = "<group>"; };
		7E613FD222E38E6B00DE03EF /* ViewController.swift */ = {isa = PBXFileReference; lastKnownFileType = sourcecode.swift; path = ViewController.swift; sourceTree = "<group>"; };
		7E613FD522E38E6B00DE03EF /* Base */ = {isa = PBXFileReference; lastKnownFileType = file.storyboard; name = Base; path = Base.lproj/Main.storyboard; sourceTree = "<group>"; };
		7E613FD722E38E7400DE03EF /* Assets.xcassets */ = {isa = PBXFileReference; lastKnownFileType = folder.assetcatalog; path = Assets.xcassets; sourceTree = "<group>"; };
		7E613FDA22E38E7400DE03EF /* Base */ = {isa = PBXFileReference; lastKnownFileType = file.storyboard; name = Base; path = Base.lproj/LaunchScreen.storyboard; sourceTree = "<group>"; };
		7E613FDC22E38E7400DE03EF /* Info.plist */ = {isa = PBXFileReference; lastKnownFileType = text.plist.xml; path = Info.plist; sourceTree = "<group>"; };
/* End PBXFileReference section */

/* Begin PBXFrameworksBuildPhase section */
		7E613FC822E38E6B00DE03EF /* Frameworks */ = {
			isa = PBXFrameworksBuildPhase;
			buildActionMask = 2147483647;
			files = (
			);
			runOnlyForDeploymentPostprocessing = 0;
		};
/* End PBXFrameworksBuildPhase section */

/* Begin PBXGroup section */
		7E613FC222E38E6A00DE03EF = {
			isa = PBXGroup;
			children = (
				7E613FCD22E38E6B00DE03EF /* NikeAssessment */,
				7E613FCC22E38E6B00DE03EF /* Products */,
			);
			sourceTree = "<group>";
		};
		7E613FCC22E38E6B00DE03EF /* Products */ = {
			isa = PBXGroup;
			children = (
				7E613FCB22E38E6B00DE03EF /* NikeAssessment.app */,
			);
			name = Products;
			sourceTree = "<group>";
		};
		7E613FCD22E38E6B00DE03EF /* NikeAssessment */ = {
			isa = PBXGroup;
			children = (
				7E613FCE22E38E6B00DE03EF /* AppDelegate.swift */,
				7E613FD022E38E6B00DE03EF /* SceneDelegate.swift */,
				7E613FD222E38E6B00DE03EF /* ViewController.swift */,
				7E613FD422E38E6B00DE03EF /* Main.storyboard */,
				7E613FD722E38E7400DE03EF /* Assets.xcassets */,
				7E613FD922E38E7400DE03EF /* LaunchScreen.storyboard */,
				7E613FDC22E38E7400DE03EF /* Info.plist */,
			);
			path = NikeAssessment;
			sourceTree = "<group>";
		};
/* End PBXGroup section */

/* Begin PBXNativeTarget section */
		7E613FCA22E38E6B00DE03EF /* NikeAssessment */ = {
			isa = PBXNativeTarget;
			buildConfigurationList = 7E613FDF22E38E7400DE03EF /* Build configuration list for PBXNativeTarget "NikeAssessment" */;
			buildPhases = (
				7E613FC722E38E6B00DE03EF /* Sources */,
				7E613FC822E38E6B00DE03EF /* Frameworks */,
				7E613FC922E38E6B00DE03EF /* Resources */,
			);
			buildRules = (
			);
			dependencies = (
			);
			name = NikeAssessment;
			productName = NikeAssessment;
			productReference = 7E613FCB22E38E6B00DE03EF /* NikeAssessment.app */;
			productType = "com.apple.product-type.application";
		};
/* End PBXNativeTarget section */

/* Begin PBXProject section */
		7E613FC322E38E6B00DE03EF /* Project object */ = {
			isa = PBXProject;
			attributes = {
				LastSwiftUpdateCheck = 1100;
				LastUpgradeCheck = 1100;
				ORGANIZATIONNAME = "Jacari Boboye";
				TargetAttributes = {
					7E613FCA22E38E6B00DE03EF = {
						CreatedOnToolsVersion = 11.0;
					};
				};
			};
			buildConfigurationList = 7E613FC622E38E6B00DE03EF /* Build configuration list for PBXProject "NikeAssessment" */;
			compatibilityVersion = "Xcode 9.3";
			developmentRegion = en;
			hasScannedForEncodings = 0;
			knownRegions = (
				en,
				Base,
			);
			mainGroup = 7E613FC222E38E6A00DE03EF;
			productRefGroup = 7E613FCC22E38E6B00DE03EF /* Products */;
			projectDirPath = "";
			projectRoot = "";
			targets = (
				7E613FCA22E38E6B00DE03EF /* NikeAssessment */,
			);
		};
/* End PBXProject section */

/* Begin PBXResourcesBuildPhase section */
		7E613FC922E38E6B00DE03EF /* Resources */ = {
			isa = PBXResourcesBuildPhase;
			buildActionMask = 2147483647;
			files = (
				7E613FDB22E38E7400DE03EF /* LaunchScreen.storyboard in Resources */,
				7E613FD822E38E7400DE03EF /* Assets.xcassets in Resources */,
				7E613FD622E38E6B00DE03EF /* Main.storyboard in Resources */,
			);
			runOnlyForDeploymentPostprocessing = 0;
		};
/* End PBXResourcesBuildPhase section */

/* Begin PBXSourcesBuildPhase section */
		7E613FC722E38E6B00DE03EF /* Sources */ = {
			isa = PBXSourcesBuildPhase;
			buildActionMask = 2147483647;
			files = (
				7E613FD322E38E6B00DE03EF /* ViewController.swift in Sources */,
				7E613FCF22E38E6B00DE03EF /* AppDelegate.swift in Sources */,
				7E613FD122E38E6B00DE03EF /* SceneDelegate.swift in Sources */,
			);
			runOnlyForDeploymentPostprocessing = 0;
		};
/* End PBXSourcesBuildPhase section */

/* Begin PBXVariantGroup section */
		7E613FD422E38E6B00DE03EF /* Main.storyboard */ = {
			isa = PBXVariantGroup;
			children = (
				7E613FD522E38E6B00DE03EF /* Base */,
			);
			name = Main.storyboard;
			sourceTree = "<group>";
		};
		7E613FD922E38E7400DE03EF /* LaunchScreen.storyboard */ = {
			isa = PBXVariantGroup;
			children = (
				7E613FDA22E38E7400DE03EF /* Base */,
			);
			name = LaunchScreen.storyboard;
			sourceTree = "<group>";
		};
/* End PBXVariantGroup section */

/* Begin XCBuildConfiguration section */
		7E613FDD22E38E7400DE03EF /* Debug */ = {
			isa = XCBuildConfiguration;
			buildSettings = {
				ALWAYS_SEARCH_USER_PATHS = NO;
				CLANG_ANALYZER_NONNULL = YES;
				CLANG_ANALYZER_NUMBER_OBJECT_CONVERSION = YES_AGGRESSIVE;
				CLANG_CXX_LANGUAGE_STANDARD = "gnu++14";
				CLANG_CXX_LIBRARY = "libc++";
				CLANG_ENABLE_MODULES = YES;
				CLANG_ENABLE_OBJC_ARC = YES;
				CLANG_ENABLE_OBJC_WEAK = YES;
				CLANG_WARN_BLOCK_CAPTURE_AUTORELEASING = YES;
				CLANG_WARN_BOOL_CONVERSION = YES;
				CLANG_WARN_COMMA = YES;
				CLANG_WARN_CONSTANT_CONVERSION = YES;
				CLANG_WARN_DEPRECATED_OBJC_IMPLEMENTATIONS = YES;
				CLANG_WARN_DIRECT_OBJC_ISA_USAGE = YES_ERROR;
				CLANG_WARN_DOCUMENTATION_COMMENTS = YES;
				CLANG_WARN_EMPTY_BODY = YES;
				CLANG_WARN_ENUM_CONVERSION = YES;
				CLANG_WARN_INFINITE_RECURSION = YES;
				CLANG_WARN_INT_CONVERSION = YES;
				CLANG_WARN_NON_LITERAL_NULL_CONVERSION = YES;
				CLANG_WARN_OBJC_IMPLICIT_RETAIN_SELF = YES;
				CLANG_WARN_OBJC_LITERAL_CONVERSION = YES;
				CLANG_WARN_OBJC_ROOT_CLASS = YES_ERROR;
				CLANG_WARN_RANGE_LOOP_ANALYSIS = YES;
				CLANG_WARN_STRICT_PROTOTYPES = YES;
				CLANG_WARN_SUSPICIOUS_MOVE = YES;
				CLANG_WARN_UNGUARDED_AVAILABILITY = YES_AGGRESSIVE;
				CLANG_WARN_UNREACHABLE_CODE = YES;
				CLANG_WARN__DUPLICATE_METHOD_MATCH = YES;
				COPY_PHASE_STRIP = NO;
				DEBUG_INFORMATION_FORMAT = dwarf;
				ENABLE_STRICT_OBJC_MSGSEND = YES;
				ENABLE_TESTABILITY = YES;
				GCC_C_LANGUAGE_STANDARD = gnu11;
				GCC_DYNAMIC_NO_PIC = NO;
				GCC_NO_COMMON_BLOCKS = YES;
				GCC_OPTIMIZATION_LEVEL = 0;
				GCC_PREPROCESSOR_DEFINITIONS = (
					"DEBUG=1",
					"$(inherited)",
				);
				GCC_WARN_64_TO_32_BIT_CONVERSION = YES;
				GCC_WARN_ABOUT_RETURN_TYPE = YES_ERROR;
				GCC_WARN_UNDECLARED_SELECTOR = YES;
				GCC_WARN_UNINITIALIZED_AUTOS = YES_AGGRESSIVE;
				GCC_WARN_UNUSED_FUNCTION = YES;
				GCC_WARN_UNUSED_VARIABLE = YES;
				IPHONEOS_DEPLOYMENT_TARGET = 13.0;
				MTL_ENABLE_DEBUG_INFO = INCLUDE_SOURCE;
				MTL_FAST_MATH = YES;
				ONLY_ACTIVE_ARCH = YES;
				SDKROOT = iphoneos;
				SWIFT_ACTIVE_COMPILATION_CONDITIONS = DEBUG;
				SWIFT_OPTIMIZATION_LEVEL = "-Onone";
			};
			name = Debug;
		};
		7E613FDE22E38E7400DE03EF /* Release */ = {
			isa = XCBuildConfiguration;
			buildSettings = {
				ALWAYS_SEARCH_USER_PATHS = NO;
				CLANG_ANALYZER_NONNULL = YES;
				CLANG_ANALYZER_NUMBER_OBJECT_CONVERSION = YES_AGGRESSIVE;
				CLANG_CXX_LANGUAGE_STANDARD = "gnu++14";
				CLANG_CXX_LIBRARY = "libc++";
				CLANG_ENABLE_MODULES = YES;
				CLANG_ENABLE_OBJC_ARC = YES;
				CLANG_ENABLE_OBJC_WEAK = YES;
				CLANG_WARN_BLOCK_CAPTURE_AUTORELEASING = YES;
				CLANG_WARN_BOOL_CONVERSION = YES;
				CLANG_WARN_COMMA = YES;
				CLANG_WARN_CONSTANT_CONVERSION = YES;
				CLANG_WARN_DEPRECATED_OBJC_IMPLEMENTATIONS = YES;
				CLANG_WARN_DIRECT_OBJC_ISA_USAGE = YES_ERROR;
				CLANG_WARN_DOCUMENTATION_COMMENTS = YES;
				CLANG_WARN_EMPTY_BODY = YES;
				CLANG_WARN_ENUM_CONVERSION = YES;
				CLANG_WARN_INFINITE_RECURSION = YES;
				CLANG_WARN_INT_CONVERSION = YES;
				CLANG_WARN_NON_LITERAL_NULL_CONVERSION = YES;
				CLANG_WARN_OBJC_IMPLICIT_RETAIN_SELF = YES;
				CLANG_WARN_OBJC_LITERAL_CONVERSION = YES;
				CLANG_WARN_OBJC_ROOT_CLASS = YES_ERROR;
				CLANG_WARN_RANGE_LOOP_ANALYSIS = YES;
				CLANG_WARN_STRICT_PROTOTYPES = YES;
				CLANG_WARN_SUSPICIOUS_MOVE = YES;
				CLANG_WARN_UNGUARDED_AVAILABILITY = YES_AGGRESSIVE;
				CLANG_WARN_UNREACHABLE_CODE = YES;
				CLANG_WARN__DUPLICATE_METHOD_MATCH = YES;
				COPY_PHASE_STRIP = NO;
				DEBUG_INFORMATION_FORMAT = "dwarf-with-dsym";
				ENABLE_NS_ASSERTIONS = NO;
				ENABLE_STRICT_OBJC_MSGSEND = YES;
				GCC_C_LANGUAGE_STANDARD = gnu11;
				GCC_NO_COMMON_BLOCKS = YES;
				GCC_WARN_64_TO_32_BIT_CONVERSION = YES;
				GCC_WARN_ABOUT_RETURN_TYPE = YES_ERROR;
				GCC_WARN_UNDECLARED_SELECTOR = YES;
				GCC_WARN_UNINITIALIZED_AUTOS = YES_AGGRESSIVE;
				GCC_WARN_UNUSED_FUNCTION = YES;
				GCC_WARN_UNUSED_VARIABLE = YES;
				IPHONEOS_DEPLOYMENT_TARGET = 13.0;
				MTL_ENABLE_DEBUG_INFO = NO;
				MTL_FAST_MATH = YES;
				SDKROOT = iphoneos;
				SWIFT_COMPILATION_MODE = wholemodule;
				SWIFT_OPTIMIZATION_LEVEL = "-O";
				VALIDATE_PRODUCT = YES;
			};
			name = Release;
		};
		7E613FE022E38E7400DE03EF /* Debug */ = {
			isa = XCBuildConfiguration;
			buildSettings = {
				ASSETCATALOG_COMPILER_APPICON_NAME = AppIcon;
				CODE_SIGN_STYLE = Automatic;
				DEVELOPMENT_TEAM = 28LRK8M29J;
				INFOPLIST_FILE = NikeAssessment/Info.plist;
				LD_RUNPATH_SEARCH_PATHS = (
					"$(inherited)",
					"@executable_path/Frameworks",
				);
				PRODUCT_BUNDLE_IDENTIFIER = com.wishstudios.NikeAssessment;
				PRODUCT_NAME = "$(TARGET_NAME)";
				SWIFT_VERSION = 5.0;
				TARGETED_DEVICE_FAMILY = "1,2";
			};
			name = Debug;
		};
		7E613FE122E38E7400DE03EF /* Release */ = {
			isa = XCBuildConfiguration;
			buildSettings = {
				ASSETCATALOG_COMPILER_APPICON_NAME = AppIcon;
				CODE_SIGN_STYLE = Automatic;
				DEVELOPMENT_TEAM = 28LRK8M29J;
				INFOPLIST_FILE = NikeAssessment/Info.plist;
				LD_RUNPATH_SEARCH_PATHS = (
					"$(inherited)",
					"@executable_path/Frameworks",
				);
				PRODUCT_BUNDLE_IDENTIFIER = com.wishstudios.NikeAssessment;
				PRODUCT_NAME = "$(TARGET_NAME)";
				SWIFT_VERSION = 5.0;
				TARGETED_DEVICE_FAMILY = "1,2";
			};
			name = Release;
		};
/* End XCBuildConfiguration section */

/* Begin XCConfigurationList section */
		7E613FC622E38E6B00DE03EF /* Build configuration list for PBXProject "NikeAssessment" */ = {
			isa = XCConfigurationList;
			buildConfigurations = (
				7E613FDD22E38E7400DE03EF /* Debug */,
				7E613FDE22E38E7400DE03EF /* Release */,
			);
			defaultConfigurationIsVisible = 0;
			defaultConfigurationName = Release;
		};
		7E613FDF22E38E7400DE03EF /* Build configuration list for PBXNativeTarget "NikeAssessment" */ = {
			isa = XCConfigurationList;
			buildConfigurations = (
				7E613FE022E38E7400DE03EF /* Debug */,
				7E613FE122E38E7400DE03EF /* Release */,
			);
			defaultConfigurationIsVisible = 0;
			defaultConfigurationName = Release;
		};
/* End XCConfigurationList section */
	};
	rootObject = 7E613FC322E38E6B00DE03EF /* Project object */;
}
