// !$*UTF8*$!
{
	archiveVersion = 1;
	classes = {
	};
	objectVersion = 50;
	objects = {

/* Begin PBXBuildFile section */
		7E613FCF22E38E6B00DE03EF /* AppDelegate.swift in Sources */ = {isa = PBXBuildFile; fileRef = 7E613FCE22E38E6B00DE03EF /* AppDelegate.swift */; };
		7E613FD122E38E6B00DE03EF /* SceneDelegate.swift in Sources */ = {isa = PBXBuildFile; fileRef = 7E613FD022E38E6B00DE03EF /* SceneDelegate.swift */; };
		7E613FD322E38E6B00DE03EF /* MainViewController.swift in Sources */ = {isa = PBXBuildFile; fileRef = 7E613FD222E38E6B00DE03EF /* MainViewController.swift */; };
		7E613FD822E38E7400DE03EF /* Assets.xcassets in Resources */ = {isa = PBXBuildFile; fileRef = 7E613FD722E38E7400DE03EF /* Assets.xcassets */; };
		7E613FDB22E38E7400DE03EF /* LaunchScreen.storyboard in Resources */ = {isa = PBXBuildFile; fileRef = 7E613FD922E38E7400DE03EF /* LaunchScreen.storyboard */; };
		7E613FEB22E39AE000DE03EF /* DetailedView.swift in Sources */ = {isa = PBXBuildFile; fileRef = 7E613FEA22E39AE000DE03EF /* DetailedView.swift */; };
		7E613FED22E39B5C00DE03EF /* DetailViewController.swift in Sources */ = {isa = PBXBuildFile; fileRef = 7E613FEC22E39B5C00DE03EF /* DetailViewController.swift */; };
		7E613FEF22E3A4C300DE03EF /* DetailCoordinator.swift in Sources */ = {isa = PBXBuildFile; fileRef = 7E613FEE22E3A4C300DE03EF /* DetailCoordinator.swift */; };
		7E613FF122E3A4D200DE03EF /* Coordinator.swift in Sources */ = {isa = PBXBuildFile; fileRef = 7E613FF022E3A4D200DE03EF /* Coordinator.swift */; };
		7E613FF322E3A4E100DE03EF /* MainCoordinator.swift in Sources */ = {isa = PBXBuildFile; fileRef = 7E613FF222E3A4E100DE03EF /* MainCoordinator.swift */; };
		7E613FF522E3A70F00DE03EF /* InitialCoordinator.swift in Sources */ = {isa = PBXBuildFile; fileRef = 7E613FF422E3A70F00DE03EF /* InitialCoordinator.swift */; };
		7E613FF722E3A9EA00DE03EF /* Album.swift in Sources */ = {isa = PBXBuildFile; fileRef = 7E613FF622E3A9EA00DE03EF /* Album.swift */; };
		7E613FFC22E3B6B800DE03EF /* AlbumViewModel.swift in Sources */ = {isa = PBXBuildFile; fileRef = 7E613FFB22E3B6B800DE03EF /* AlbumViewModel.swift */; };
		7E613FFE22E5362300DE03EF /* AlbumCell.swift in Sources */ = {isa = PBXBuildFile; fileRef = 7E613FFD22E5362300DE03EF /* AlbumCell.swift */; };
		7E999B6B22E6D2E8000B3B5D /* UIImageView.swift in Sources */ = {isa = PBXBuildFile; fileRef = 7E999B6A22E6D2E8000B3B5D /* UIImageView.swift */; };
		7EABA14622E5F4CB00007003 /* NavigationDelegate.swift in Sources */ = {isa = PBXBuildFile; fileRef = 7EABA14522E5F4CA00007003 /* NavigationDelegate.swift */; };
		7EABA14822E600F700007003 /* ItunesRequest.swift in Sources */ = {isa = PBXBuildFile; fileRef = 7EABA14722E600F700007003 /* ItunesRequest.swift */; };
		7EABA14A22E602C000007003 /* Response.swift in Sources */ = {isa = PBXBuildFile; fileRef = 7EABA14922E602C000007003 /* Response.swift */; };
/* End PBXBuildFile section */

/* Begin PBXFileReference section */
		7E613FCB22E38E6B00DE03EF /* NikeAssessment.app */ = {isa = PBXFileReference; explicitFileType = wrapper.application; includeInIndex = 0; path = NikeAssessment.app; sourceTree = BUILT_PRODUCTS_DIR; };
		7E613FCE22E38E6B00DE03EF /* AppDelegate.swift */ = {isa = PBXFileReference; lastKnownFileType = sourcecode.swift; path = AppDelegate.swift; sourceTree = "<group>"; };
		7E613FD022E38E6B00DE03EF /* SceneDelegate.swift */ = {isa = PBXFileReference; lastKnownFileType = sourcecode.swift; path = SceneDelegate.swift; sourceTree = "<group>"; };
		7E613FD222E38E6B00DE03EF /* MainViewController.swift */ = {isa = PBXFileReference; lastKnownFileType = sourcecode.swift; path = MainViewController.swift; sourceTree = "<group>"; };
		7E613FD722E38E7400DE03EF /* Assets.xcassets */ = {isa = PBXFileReference; lastKnownFileType = folder.assetcatalog; path = Assets.xcassets; sourceTree = "<group>"; };
		7E613FDA22E38E7400DE03EF /* Base */ = {isa = PBXFileReference; lastKnownFileType = file.storyboard; name = Base; path = Base.lproj/LaunchScreen.storyboard; sourceTree = "<group>"; };
		7E613FEA22E39AE000DE03EF /* DetailedView.swift */ = {isa = PBXFileReference; lastKnownFileType = sourcecode.swift; path = DetailedView.swift; sourceTree = "<group>"; };
		7E613FEC22E39B5C00DE03EF /* DetailViewController.swift */ = {isa = PBXFileReference; lastKnownFileType = sourcecode.swift; path = DetailViewController.swift; sourceTree = "<group>"; };
		7E613FEE22E3A4C300DE03EF /* DetailCoordinator.swift */ = {isa = PBXFileReference; lastKnownFileType = sourcecode.swift; path = DetailCoordinator.swift; sourceTree = "<group>"; };
		7E613FF022E3A4D200DE03EF /* Coordinator.swift */ = {isa = PBXFileReference; lastKnownFileType = sourcecode.swift; path = Coordinator.swift; sourceTree = "<group>"; };
		7E613FF222E3A4E100DE03EF /* MainCoordinator.swift */ = {isa = PBXFileReference; lastKnownFileType = sourcecode.swift; path = MainCoordinator.swift; sourceTree = "<group>"; };
		7E613FF422E3A70F00DE03EF /* InitialCoordinator.swift */ = {isa = PBXFileReference; lastKnownFileType = sourcecode.swift; path = InitialCoordinator.swift; sourceTree = "<group>"; };
		7E613FF622E3A9EA00DE03EF /* Album.swift */ = {isa = PBXFileReference; lastKnownFileType = sourcecode.swift; path = Album.swift; sourceTree = "<group>"; };
		7E613FFB22E3B6B800DE03EF /* AlbumViewModel.swift */ = {isa = PBXFileReference; lastKnownFileType = sourcecode.swift; path = AlbumViewModel.swift; sourceTree = "<group>"; };
		7E613FFD22E5362300DE03EF /* AlbumCell.swift */ = {isa = PBXFileReference; lastKnownFileType = sourcecode.swift; path = AlbumCell.swift; sourceTree = "<group>"; };
		7E613FFF22E56D8A00DE03EF /* Info.plist */ = {isa = PBXFileReference; fileEncoding = 4; lastKnownFileType = text.plist.xml; path = Info.plist; sourceTree = "<group>"; };
		7E999B6A22E6D2E8000B3B5D /* UIImageView.swift */ = {isa = PBXFileReference; lastKnownFileType = sourcecode.swift; path = UIImageView.swift; sourceTree = "<group>"; };
		7EABA14522E5F4CA00007003 /* NavigationDelegate.swift */ = {isa = PBXFileReference; lastKnownFileType = sourcecode.swift; path = NavigationDelegate.swift; sourceTree = "<group>"; };
		7EABA14722E600F700007003 /* ItunesRequest.swift */ = {isa = PBXFileReference; lastKnownFileType = sourcecode.swift; path = ItunesRequest.swift; sourceTree = "<group>"; };
		7EABA14922E602C000007003 /* Response.swift */ = {isa = PBXFileReference; lastKnownFileType = sourcecode.swift; path = Response.swift; sourceTree = "<group>"; };
/* End PBXFileReference section */

/* Begin PBXFrameworksBuildPhase section */
		7E613FC822E38E6B00DE03EF /* Frameworks */ = {
			isa = PBXFrameworksBuildPhase;
			buildActionMask = 2147483647;
			files = (
			);
			runOnlyForDeploymentPostprocessing = 0;
		};
/* End PBXFrameworksBuildPhase section */

/* Begin PBXGroup section */
		7E613FC222E38E6A00DE03EF = {
			isa = PBXGroup;
			children = (
				7E613FCD22E38E6B00DE03EF /* NikeAssessment */,
				7E613FCC22E38E6B00DE03EF /* Products */,
			);
			sourceTree = "<group>";
		};
		7E613FCC22E38E6B00DE03EF /* Products */ = {
			isa = PBXGroup;
			children = (
				7E613FCB22E38E6B00DE03EF /* NikeAssessment.app */,
			);
			name = Products;
			sourceTree = "<group>";
		};
		7E613FCD22E38E6B00DE03EF /* NikeAssessment */ = {
			isa = PBXGroup;
			children = (
				7E613FFF22E56D8A00DE03EF /* Info.plist */,
				7E613FF822E3B2FC00DE03EF /* Networking */,
				7E613FE522E3986500DE03EF /* Controllers */,
				7E613FE422E3984900DE03EF /* Coordinators */,
				7E999B6922E6D2CA000B3B5D /* Extensions */,
				7E613FE322E3984600DE03EF /* Models */,
				7E613FE722E398A900DE03EF /* Shared */,
				7E613FE222E3984300DE03EF /* ViewModels */,
				7E613FE622E3988F00DE03EF /* Views */,
			);
			path = NikeAssessment;
			sourceTree = "<group>";
		};
		7E613FE222E3984300DE03EF /* ViewModels */ = {
			isa = PBXGroup;
			children = (
				7E613FFB22E3B6B800DE03EF /* AlbumViewModel.swift */,
			);
			path = ViewModels;
			sourceTree = "<group>";
		};
		7E613FE322E3984600DE03EF /* Models */ = {
			isa = PBXGroup;
			children = (
				7E613FF622E3A9EA00DE03EF /* Album.swift */,
			);
			path = Models;
			sourceTree = "<group>";
		};
		7E613FE422E3984900DE03EF /* Coordinators */ = {
			isa = PBXGroup;
			children = (
				7E613FF022E3A4D200DE03EF /* Coordinator.swift */,
				7E613FEE22E3A4C300DE03EF /* DetailCoordinator.swift */,
				7E613FF422E3A70F00DE03EF /* InitialCoordinator.swift */,
				7E613FF222E3A4E100DE03EF /* MainCoordinator.swift */,
			);
			path = Coordinators;
			sourceTree = "<group>";
		};
		7E613FE522E3986500DE03EF /* Controllers */ = {
			isa = PBXGroup;
			children = (
				7E613FEC22E39B5C00DE03EF /* DetailViewController.swift */,
				7E613FD222E38E6B00DE03EF /* MainViewController.swift */,
				7EABA14522E5F4CA00007003 /* NavigationDelegate.swift */,
			);
			path = Controllers;
			sourceTree = "<group>";
		};
		7E613FE622E3988F00DE03EF /* Views */ = {
			isa = PBXGroup;
			children = (
				7E613FFD22E5362300DE03EF /* AlbumCell.swift */,
				7E613FEA22E39AE000DE03EF /* DetailedView.swift */,
			);
			path = Views;
			sourceTree = "<group>";
		};
		7E613FE722E398A900DE03EF /* Shared */ = {
			isa = PBXGroup;
			children = (
				7E613FCE22E38E6B00DE03EF /* AppDelegate.swift */,
				7E613FD722E38E7400DE03EF /* Assets.xcassets */,
				7E613FD922E38E7400DE03EF /* LaunchScreen.storyboard */,
				7E613FD022E38E6B00DE03EF /* SceneDelegate.swift */,
			);
			path = Shared;
			sourceTree = "<group>";
		};
		7E613FF822E3B2FC00DE03EF /* Networking */ = {
			isa = PBXGroup;
			children = (
				7EABA14722E600F700007003 /* ItunesRequest.swift */,
				7EABA14922E602C000007003 /* Response.swift */,
			);
			path = Networking;
			sourceTree = "<group>";
		};
		7E999B6922E6D2CA000B3B5D /* Extensions */ = {
			isa = PBXGroup;
			children = (
				7E999B6A22E6D2E8000B3B5D /* UIImageView.swift */,
			);
			path = Extensions;
			sourceTree = "<group>";
		};
/* End PBXGroup section */

/* Begin PBXNativeTarget section */
		7E613FCA22E38E6B00DE03EF /* NikeAssessment */ = {
			isa = PBXNativeTarget;
			buildConfigurationList = 7E613FDF22E38E7400DE03EF /* Build configuration list for PBXNativeTarget "NikeAssessment" */;
			buildPhases = (
				7E613FC722E38E6B00DE03EF /* Sources */,
				7E613FC822E38E6B00DE03EF /* Frameworks */,
				7E613FC922E38E6B00DE03EF /* Resources */,
			);
			buildRules = (
			);
			dependencies = (
			);
			name = NikeAssessment;
			productName = NikeAssessment;
			productReference = 7E613FCB22E38E6B00DE03EF /* NikeAssessment.app */;
			productType = "com.apple.product-type.application";
		};
/* End PBXNativeTarget section */

/* Begin PBXProject section */
		7E613FC322E38E6B00DE03EF /* Project object */ = {
			isa = PBXProject;
			attributes = {
				LastSwiftUpdateCheck = 1100;
				LastUpgradeCheck = 1100;
				ORGANIZATIONNAME = "Jacari Boboye";
				TargetAttributes = {
					7E613FCA22E38E6B00DE03EF = {
						CreatedOnToolsVersion = 11.0;
					};
				};
			};
			buildConfigurationList = 7E613FC622E38E6B00DE03EF /* Build configuration list for PBXProject "NikeAssessment" */;
			compatibilityVersion = "Xcode 9.3";
			developmentRegion = en;
			hasScannedForEncodings = 0;
			knownRegions = (
				en,
				Base,
			);
			mainGroup = 7E613FC222E38E6A00DE03EF;
			productRefGroup = 7E613FCC22E38E6B00DE03EF /* Products */;
			projectDirPath = "";
			projectRoot = "";
			targets = (
				7E613FCA22E38E6B00DE03EF /* NikeAssessment */,
			);
		};
/* End PBXProject section */

/* Begin PBXResourcesBuildPhase section */
		7E613FC922E38E6B00DE03EF /* Resources */ = {
			isa = PBXResourcesBuildPhase;
			buildActionMask = 2147483647;
			files = (
				7E613FDB22E38E7400DE03EF /* LaunchScreen.storyboard in Resources */,
				7E613FD822E38E7400DE03EF /* Assets.xcassets in Resources */,
			);
			runOnlyForDeploymentPostprocessing = 0;
		};
/* End PBXResourcesBuildPhase section */

/* Begin PBXSourcesBuildPhase section */
		7E613FC722E38E6B00DE03EF /* Sources */ = {
			isa = PBXSourcesBuildPhase;
			buildActionMask = 2147483647;
			files = (
				7E613FF122E3A4D200DE03EF /* Coordinator.swift in Sources */,
				7E613FEF22E3A4C300DE03EF /* DetailCoordinator.swift in Sources */,
				7E613FD322E38E6B00DE03EF /* MainViewController.swift in Sources */,
				7E613FEB22E39AE000DE03EF /* DetailedView.swift in Sources */,
				7EABA14A22E602C000007003 /* Response.swift in Sources */,
				7EABA14622E5F4CB00007003 /* NavigationDelegate.swift in Sources */,
				7E613FFC22E3B6B800DE03EF /* AlbumViewModel.swift in Sources */,
				7E613FF522E3A70F00DE03EF /* InitialCoordinator.swift in Sources */,
				7E999B6B22E6D2E8000B3B5D /* UIImageView.swift in Sources */,
				7EABA14822E600F700007003 /* ItunesRequest.swift in Sources */,
				7E613FED22E39B5C00DE03EF /* DetailViewController.swift in Sources */,
				7E613FCF22E38E6B00DE03EF /* AppDelegate.swift in Sources */,
				7E613FF722E3A9EA00DE03EF /* Album.swift in Sources */,
				7E613FF322E3A4E100DE03EF /* MainCoordinator.swift in Sources */,
				7E613FD122E38E6B00DE03EF /* SceneDelegate.swift in Sources */,
				7E613FFE22E5362300DE03EF /* AlbumCell.swift in Sources */,
			);
			runOnlyForDeploymentPostprocessing = 0;
		};
/* End PBXSourcesBuildPhase section */

/* Begin PBXVariantGroup section */
		7E613FD922E38E7400DE03EF /* LaunchScreen.storyboard */ = {
			isa = PBXVariantGroup;
			children = (
				7E613FDA22E38E7400DE03EF /* Base */,
			);
			name = LaunchScreen.storyboard;
			sourceTree = "<group>";
		};
/* End PBXVariantGroup section */

/* Begin XCBuildConfiguration section */
		7E613FDD22E38E7400DE03EF /* Debug */ = {
			isa = XCBuildConfiguration;
			buildSettings = {
				ALWAYS_SEARCH_USER_PATHS = NO;
				CLANG_ANALYZER_NONNULL = YES;
				CLANG_ANALYZER_NUMBER_OBJECT_CONVERSION = YES_AGGRESSIVE;
				CLANG_CXX_LANGUAGE_STANDARD = "gnu++14";
				CLANG_CXX_LIBRARY = "libc++";
				CLANG_ENABLE_MODULES = YES;
				CLANG_ENABLE_OBJC_ARC = YES;
				CLANG_ENABLE_OBJC_WEAK = YES;
				CLANG_WARN_BLOCK_CAPTURE_AUTORELEASING = YES;
				CLANG_WARN_BOOL_CONVERSION = YES;
				CLANG_WARN_COMMA = YES;
				CLANG_WARN_CONSTANT_CONVERSION = YES;
				CLANG_WARN_DEPRECATED_OBJC_IMPLEMENTATIONS = YES;
				CLANG_WARN_DIRECT_OBJC_ISA_USAGE = YES_ERROR;
				CLANG_WARN_DOCUMENTATION_COMMENTS = YES;
				CLANG_WARN_EMPTY_BODY = YES;
				CLANG_WARN_ENUM_CONVERSION = YES;
				CLANG_WARN_INFINITE_RECURSION = YES;
				CLANG_WARN_INT_CONVERSION = YES;
				CLANG_WARN_NON_LITERAL_NULL_CONVERSION = YES;
				CLANG_WARN_OBJC_IMPLICIT_RETAIN_SELF = YES;
				CLANG_WARN_OBJC_LITERAL_CONVERSION = YES;
				CLANG_WARN_OBJC_ROOT_CLASS = YES_ERROR;
				CLANG_WARN_RANGE_LOOP_ANALYSIS = YES;
				CLANG_WARN_STRICT_PROTOTYPES = YES;
				CLANG_WARN_SUSPICIOUS_MOVE = YES;
				CLANG_WARN_UNGUARDED_AVAILABILITY = YES_AGGRESSIVE;
				CLANG_WARN_UNREACHABLE_CODE = YES;
				CLANG_WARN__DUPLICATE_METHOD_MATCH = YES;
				COPY_PHASE_STRIP = NO;
				DEBUG_INFORMATION_FORMAT = dwarf;
				ENABLE_STRICT_OBJC_MSGSEND = YES;
				ENABLE_TESTABILITY = YES;
				GCC_C_LANGUAGE_STANDARD = gnu11;
				GCC_DYNAMIC_NO_PIC = NO;
				GCC_NO_COMMON_BLOCKS = YES;
				GCC_OPTIMIZATION_LEVEL = 0;
				GCC_PREPROCESSOR_DEFINITIONS = (
					"DEBUG=1",
					"$(inherited)",
				);
				GCC_WARN_64_TO_32_BIT_CONVERSION = YES;
				GCC_WARN_ABOUT_RETURN_TYPE = YES_ERROR;
				GCC_WARN_UNDECLARED_SELECTOR = YES;
				GCC_WARN_UNINITIALIZED_AUTOS = YES_AGGRESSIVE;
				GCC_WARN_UNUSED_FUNCTION = YES;
				GCC_WARN_UNUSED_VARIABLE = YES;
				IPHONEOS_DEPLOYMENT_TARGET = 13.0;
				MTL_ENABLE_DEBUG_INFO = INCLUDE_SOURCE;
				MTL_FAST_MATH = YES;
				ONLY_ACTIVE_ARCH = YES;
				SDKROOT = iphoneos;
				SWIFT_ACTIVE_COMPILATION_CONDITIONS = DEBUG;
				SWIFT_OPTIMIZATION_LEVEL = "-Onone";
			};
			name = Debug;
		};
		7E613FDE22E38E7400DE03EF /* Release */ = {
			isa = XCBuildConfiguration;
			buildSettings = {
				ALWAYS_SEARCH_USER_PATHS = NO;
				CLANG_ANALYZER_NONNULL = YES;
				CLANG_ANALYZER_NUMBER_OBJECT_CONVERSION = YES_AGGRESSIVE;
				CLANG_CXX_LANGUAGE_STANDARD = "gnu++14";
				CLANG_CXX_LIBRARY = "libc++";
				CLANG_ENABLE_MODULES = YES;
				CLANG_ENABLE_OBJC_ARC = YES;
				CLANG_ENABLE_OBJC_WEAK = YES;
				CLANG_WARN_BLOCK_CAPTURE_AUTORELEASING = YES;
				CLANG_WARN_BOOL_CONVERSION = YES;
				CLANG_WARN_COMMA = YES;
				CLANG_WARN_CONSTANT_CONVERSION = YES;
				CLANG_WARN_DEPRECATED_OBJC_IMPLEMENTATIONS = YES;
				CLANG_WARN_DIRECT_OBJC_ISA_USAGE = YES_ERROR;
				CLANG_WARN_DOCUMENTATION_COMMENTS = YES;
				CLANG_WARN_EMPTY_BODY = YES;
				CLANG_WARN_ENUM_CONVERSION = YES;
				CLANG_WARN_INFINITE_RECURSION = YES;
				CLANG_WARN_INT_CONVERSION = YES;
				CLANG_WARN_NON_LITERAL_NULL_CONVERSION = YES;
				CLANG_WARN_OBJC_IMPLICIT_RETAIN_SELF = YES;
				CLANG_WARN_OBJC_LITERAL_CONVERSION = YES;
				CLANG_WARN_OBJC_ROOT_CLASS = YES_ERROR;
				CLANG_WARN_RANGE_LOOP_ANALYSIS = YES;
				CLANG_WARN_STRICT_PROTOTYPES = YES;
				CLANG_WARN_SUSPICIOUS_MOVE = YES;
				CLANG_WARN_UNGUARDED_AVAILABILITY = YES_AGGRESSIVE;
				CLANG_WARN_UNREACHABLE_CODE = YES;
				CLANG_WARN__DUPLICATE_METHOD_MATCH = YES;
				COPY_PHASE_STRIP = NO;
				DEBUG_INFORMATION_FORMAT = "dwarf-with-dsym";
				ENABLE_NS_ASSERTIONS = NO;
				ENABLE_STRICT_OBJC_MSGSEND = YES;
				GCC_C_LANGUAGE_STANDARD = gnu11;
				GCC_NO_COMMON_BLOCKS = YES;
				GCC_WARN_64_TO_32_BIT_CONVERSION = YES;
				GCC_WARN_ABOUT_RETURN_TYPE = YES_ERROR;
				GCC_WARN_UNDECLARED_SELECTOR = YES;
				GCC_WARN_UNINITIALIZED_AUTOS = YES_AGGRESSIVE;
				GCC_WARN_UNUSED_FUNCTION = YES;
				GCC_WARN_UNUSED_VARIABLE = YES;
				IPHONEOS_DEPLOYMENT_TARGET = 13.0;
				MTL_ENABLE_DEBUG_INFO = NO;
				MTL_FAST_MATH = YES;
				SDKROOT = iphoneos;
				SWIFT_COMPILATION_MODE = wholemodule;
				SWIFT_OPTIMIZATION_LEVEL = "-O";
				VALIDATE_PRODUCT = YES;
			};
			name = Release;
		};
		7E613FE022E38E7400DE03EF /* Debug */ = {
			isa = XCBuildConfiguration;
			buildSettings = {
				ASSETCATALOG_COMPILER_APPICON_NAME = AppIcon;
				CODE_SIGN_IDENTITY = "Apple Development";
				CODE_SIGN_STYLE = Automatic;
				DEVELOPMENT_TEAM = 28LRK8M29J;
				INFOPLIST_FILE = /Users/playboiCari/Desktop/NikeAssessment/NikeAssessment/Info.plist;
				LD_RUNPATH_SEARCH_PATHS = (
					"$(inherited)",
					"@executable_path/Frameworks",
				);
				PRODUCT_BUNDLE_IDENTIFIER = com.wishstudios.NikeAssessment;
				PRODUCT_NAME = "$(TARGET_NAME)";
				PROVISIONING_PROFILE_SPECIFIER = "";
				SWIFT_VERSION = 5.0;
				TARGETED_DEVICE_FAMILY = "1,2";
			};
			name = Debug;
		};
		7E613FE122E38E7400DE03EF /* Release */ = {
			isa = XCBuildConfiguration;
			buildSettings = {
				ASSETCATALOG_COMPILER_APPICON_NAME = AppIcon;
				CODE_SIGN_IDENTITY = "Apple Development";
				CODE_SIGN_STYLE = Automatic;
				DEVELOPMENT_TEAM = 28LRK8M29J;
				INFOPLIST_FILE = /Users/playboiCari/Desktop/NikeAssessment/NikeAssessment/Info.plist;
				LD_RUNPATH_SEARCH_PATHS = (
					"$(inherited)",
					"@executable_path/Frameworks",
				);
				PRODUCT_BUNDLE_IDENTIFIER = com.wishstudios.NikeAssessment;
				PRODUCT_NAME = "$(TARGET_NAME)";
				PROVISIONING_PROFILE_SPECIFIER = "";
				SWIFT_VERSION = 5.0;
				TARGETED_DEVICE_FAMILY = "1,2";
			};
			name = Release;
		};
/* End XCBuildConfiguration section */

/* Begin XCConfigurationList section */
		7E613FC622E38E6B00DE03EF /* Build configuration list for PBXProject "NikeAssessment" */ = {
			isa = XCConfigurationList;
			buildConfigurations = (
				7E613FDD22E38E7400DE03EF /* Debug */,
				7E613FDE22E38E7400DE03EF /* Release */,
			);
			defaultConfigurationIsVisible = 0;
			defaultConfigurationName = Release;
		};
		7E613FDF22E38E7400DE03EF /* Build configuration list for PBXNativeTarget "NikeAssessment" */ = {
			isa = XCConfigurationList;
			buildConfigurations = (
				7E613FE022E38E7400DE03EF /* Debug */,
				7E613FE122E38E7400DE03EF /* Release */,
			);
			defaultConfigurationIsVisible = 0;
			defaultConfigurationName = Release;
		};
/* End XCConfigurationList section */
	};
	rootObject = 7E613FC322E38E6B00DE03EF /* Project object */;
}
